{
  "requires": true,
  "lockfileVersion": 1,
  "dependencies": {
    "body-parser": {
      "version": "1.17.2",
      "resolved": "http://registry.npm.taobao.org/body-parser/download/body-parser-1.17.2.tgz",
      "dependencies": {
        "bytes": {
          "version": "http://registry.npm.taobao.org/bytes/download/bytes-2.4.0.tgz",
          "bundled": true
        },
        "content-type": {
          "version": "http://registry.npm.taobao.org/content-type/download/content-type-1.0.4.tgz",
          "bundled": true
        },
        "debug": {
          "version": "http://registry.npm.taobao.org/debug/download/debug-2.6.7.tgz",
          "bundled": true
        },
        "depd": {
          "version": "http://registry.npm.taobao.org/depd/download/depd-1.1.2.tgz",
          "bundled": true
        },
        "http-errors": {
          "version": "http://registry.npm.taobao.org/http-errors/download/http-errors-1.6.3.tgz",
          "bundled": true
        },
        "iconv-lite": {
          "version": "http://registry.npm.taobao.org/iconv-lite/download/iconv-lite-0.4.15.tgz",
          "bundled": true
        },
        "on-finished": {
          "version": "http://registry.npm.taobao.org/on-finished/download/on-finished-2.3.0.tgz",
          "bundled": true,
          "dependencies": {
            "ee-first": {
              "version": "http://registry.npm.taobao.org/ee-first/download/ee-first-1.1.1.tgz"
            }
          }
        },
        "qs": {
          "version": "http://registry.npm.taobao.org/qs/download/qs-6.4.0.tgz",
          "bundled": true
        },
        "raw-body": {
          "version": "http://registry.npm.taobao.org/raw-body/download/raw-body-2.2.0.tgz",
          "bundled": true
        },
        "type-is": {
          "version": "http://registry.npm.taobao.org/type-is/download/type-is-1.6.16.tgz",
          "bundled": true,
          "dependencies": {
            "media-typer": {
              "version": "http://registry.npm.taobao.org/media-typer/download/media-typer-0.3.0.tgz",
              "bundled": true
            },
            "mime-types": {
              "version": "http://registry.npm.taobao.org/mime-types/download/mime-types-2.1.20.tgz",
              "bundled": true,
              "dependencies": {
                "mime-db": {
                  "version": "http://registry.npm.taobao.org/mime-db/download/mime-db-1.36.0.tgz",
                  "bundled": true
                }
              }
            }
          }
        }
      }
    },
    "ejs": {
      "version": "2.6.1",
      "resolved": "http://registry.npm.taobao.org/ejs/download/ejs-2.6.1.tgz"
    },
    "express": {
      "version": "4.16.3",
      "resolved": "http://registry.npm.taobao.org/express/download/express-4.16.3.tgz",
      "dependencies": {
        "accepts": {
          "version": "http://registry.npm.taobao.org/accepts/download/accepts-1.3.5.tgz",
          "bundled": true,
          "dependencies": {
            "mime-types": {
              "version": "http://registry.npm.taobao.org/mime-types/download/mime-types-2.1.20.tgz",
              "bundled": true
            },
            "negotiator": {
              "version": "http://registry.npm.taobao.org/negotiator/download/negotiator-0.6.1.tgz",
              "bundled": true
            }
          }
        },
        "array-flatten": {
          "version": "http://registry.npm.taobao.org/array-flatten/download/array-flatten-1.1.1.tgz",
          "bundled": true
        },
        "body-parser": {
          "version": "http://registry.npm.taobao.org/body-parser/download/body-parser-1.18.2.tgz",
          "bundled": true,
          "dependencies": {
            "bytes": {
              "version": "http://registry.npm.taobao.org/bytes/download/bytes-3.0.0.tgz"
            },
            "content-type": {
              "version": "http://registry.npm.taobao.org/content-type/download/content-type-1.0.4.tgz"
            },
            "debug": {
              "version": "http://registry.npm.taobao.org/debug/download/debug-2.6.9.tgz",
              "dependencies": {
                "ms": {
                  "version": "http://registry.npm.taobao.org/ms/download/ms-2.0.0.tgz"
                }
              }
            },
            "depd": {
              "version": "http://registry.npm.taobao.org/depd/download/depd-1.1.2.tgz"
            },
            "http-errors": {
              "version": "http://registry.npm.taobao.org/http-errors/download/http-errors-1.6.3.tgz",
              "dependencies": {
                "depd": {
                  "version": "http://registry.npm.taobao.org/depd/download/depd-1.1.2.tgz",
                  "bundled": true
                },
                "inherits": {
                  "version": "http://registry.npm.taobao.org/inherits/download/inherits-2.0.3.tgz",
                  "bundled": true
                },
                "setprototypeof": {
                  "version": "http://registry.npm.taobao.org/setprototypeof/download/setprototypeof-1.1.0.tgz",
                  "bundled": true
                },
                "statuses": {
                  "version": "http://registry.npm.taobao.org/statuses/download/statuses-1.5.0.tgz",
                  "bundled": true
                }
              }
            },
            "iconv-lite": {
              "version": "http://registry.npm.taobao.org/iconv-lite/download/iconv-lite-0.4.19.tgz"
            },
            "on-finished": {
              "version": "http://registry.npm.taobao.org/on-finished/download/on-finished-2.3.0.tgz"
            },
            "qs": {
              "version": "http://registry.npm.taobao.org/qs/download/qs-6.5.1.tgz"
            },
            "raw-body": {
              "version": "http://registry.npm.taobao.org/raw-body/download/raw-body-2.3.2.tgz"
            },
            "type-is": {
              "version": "http://registry.npm.taobao.org/type-is/download/type-is-1.6.16.tgz"
            }
          }
        },
        "content-disposition": {
          "version": "http://registry.npm.taobao.org/content-disposition/download/content-disposition-0.5.2.tgz",
          "bundled": true
        },
        "content-type": {
          "version": "http://registry.npm.taobao.org/content-type/download/content-type-1.0.4.tgz",
          "bundled": true
        },
        "cookie": {
          "version": "http://registry.npm.taobao.org/cookie/download/cookie-0.3.1.tgz",
          "bundled": true
        },
        "cookie-signature": {
          "version": "http://registry.npm.taobao.org/cookie-signature/download/cookie-signature-1.0.6.tgz",
          "bundled": true
        },
        "debug": {
          "version": "http://registry.npm.taobao.org/debug/download/debug-2.6.9.tgz",
          "bundled": true,
          "dependencies": {
            "ms": {
              "version": "http://registry.npm.taobao.org/ms/download/ms-2.0.0.tgz"
            }
          }
        },
        "depd": {
          "version": "http://registry.npm.taobao.org/depd/download/depd-1.1.2.tgz",
          "bundled": true
        },
        "encodeurl": {
          "version": "http://registry.npm.taobao.org/encodeurl/download/encodeurl-1.0.2.tgz",
          "bundled": true
        },
        "escape-html": {
          "version": "http://registry.npm.taobao.org/escape-html/download/escape-html-1.0.3.tgz",
          "bundled": true
        },
        "etag": {
          "version": "http://registry.npm.taobao.org/etag/download/etag-1.8.1.tgz",
          "bundled": true
        },
        "finalhandler": {
          "version": "http://registry.npm.taobao.org/finalhandler/download/finalhandler-1.1.1.tgz",
          "bundled": true
        },
        "fresh": {
          "version": "http://registry.npm.taobao.org/fresh/download/fresh-0.5.2.tgz",
          "bundled": true
        },
        "merge-descriptors": {
          "version": "http://registry.npm.taobao.org/merge-descriptors/download/merge-descriptors-1.0.1.tgz",
          "bundled": true
        },
        "methods": {
          "version": "http://registry.npm.taobao.org/methods/download/methods-1.1.2.tgz",
          "bundled": true
        },
        "on-finished": {
          "version": "http://registry.npm.taobao.org/on-finished/download/on-finished-2.3.0.tgz",
          "bundled": true,
          "dependencies": {
            "ee-first": {
              "version": "http://registry.npm.taobao.org/ee-first/download/ee-first-1.1.1.tgz"
            }
          }
        },
        "parseurl": {
          "version": "http://registry.npm.taobao.org/parseurl/download/parseurl-1.3.2.tgz",
          "bundled": true
        },
        "path-to-regexp": {
          "version": "http://registry.npm.taobao.org/path-to-regexp/download/path-to-regexp-0.1.7.tgz",
          "bundled": true
        },
        "proxy-addr": {
          "version": "http://registry.npm.taobao.org/proxy-addr/download/proxy-addr-2.0.4.tgz",
          "bundled": true
        },
        "qs": {
          "version": "http://registry.npm.taobao.org/qs/download/qs-6.5.1.tgz",
          "bundled": true
        },
        "range-parser": {
          "version": "http://registry.npm.taobao.org/range-parser/download/range-parser-1.2.0.tgz",
          "bundled": true
        },
        "safe-buffer": {
          "version": "http://registry.npm.taobao.org/safe-buffer/download/safe-buffer-5.1.1.tgz",
          "bundled": true
        },
        "send": {
          "version": "http://registry.npm.taobao.org/send/download/send-0.16.2.tgz",
          "bundled": true
        },
        "serve-static": {
          "version": "http://registry.npm.taobao.org/serve-static/download/serve-static-1.13.2.tgz",
          "bundled": true
        },
        "setprototypeof": {
          "version": "http://registry.npm.taobao.org/setprototypeof/download/setprototypeof-1.1.0.tgz",
          "bundled": true
        },
        "statuses": {
          "version": "http://registry.npm.taobao.org/statuses/download/statuses-1.4.0.tgz",
          "bundled": true
        },
        "type-is": {
          "version": "http://registry.npm.taobao.org/type-is/download/type-is-1.6.16.tgz",
          "bundled": true,
          "dependencies": {
            "media-typer": {
              "version": "http://registry.npm.taobao.org/media-typer/download/media-typer-0.3.0.tgz",
              "bundled": true
            },
            "mime-types": {
              "version": "http://registry.npm.taobao.org/mime-types/download/mime-types-2.1.20.tgz",
              "bundled": true,
              "dependencies": {}
            }
          }
        },
        "utils-merge": {
          "version": "http://registry.npm.taobao.org/utils-merge/download/utils-merge-1.0.1.tgz",
          "bundled": true
        },
        "vary": {
          "version": "http://registry.npm.taobao.org/vary/download/vary-1.1.2.tgz",
          "bundled": true
        }
      }
    },
    "socket.io": {
      "version": "2.1.1",
      "resolved": "http://registry.npm.taobao.org/socket.io/download/socket.io-2.1.1.tgz",
      "dependencies": {
        "debug": {
          "version": "http://registry.npm.taobao.org/debug/download/debug-3.1.0.tgz",
          "bundled": true,
          "dependencies": {
            "ms": {
              "version": "http://registry.npm.taobao.org/ms/download/ms-2.0.0.tgz"
            }
          }
        },
        "engine.io": {
          "version": "http://registry.npm.taobao.org/engine.io/download/engine.io-3.2.0.tgz",
          "bundled": true,
          "dependencies": {
            "accepts": {
              "version": "http://registry.npm.taobao.org/accepts/download/accepts-1.3.5.tgz",
              "dependencies": {
                "mime-types": {
                  "version": "http://registry.npm.taobao.org/mime-types/download/mime-types-2.1.20.tgz",
                  "bundled": true
                },
                "negotiator": {
                  "version": "http://registry.npm.taobao.org/negotiator/download/negotiator-0.6.1.tgz",
                  "bundled": true
                }
              }
            },
            "base64id": {
              "version": "http://registry.npm.taobao.org/base64id/download/base64id-1.0.0.tgz"
            },
            "cookie": {
              "version": "http://registry.npm.taobao.org/cookie/download/cookie-0.3.1.tgz"
            },
            "debug": {
              "version": "http://registry.npm.taobao.org/debug/download/debug-3.1.0.tgz"
            },
            "engine.io-parser": {
              "version": "http://registry.npm.taobao.org/engine.io-parser/download/engine.io-parser-2.1.2.tgz",
              "dependencies": {
                "after": {
                  "version": "http://registry.npm.taobao.org/after/download/after-0.8.2.tgz"
                },
                "arraybuffer.slice": {
                  "version": "http://registry.npm.taobao.org/arraybuffer.slice/download/arraybuffer.slice-0.0.7.tgz"
                },
                "base64-arraybuffer": {
                  "version": "http://registry.npm.taobao.org/base64-arraybuffer/download/base64-arraybuffer-0.1.5.tgz"
                },
                "blob": {
                  "version": "http://registry.npm.taobao.org/blob/download/blob-0.0.4.tgz"
                },
                "has-binary2": {
                  "version": "http://registry.npm.taobao.org/has-binary2/download/has-binary2-1.0.3.tgz"
                }
              }
            },
            "ws": {
              "version": "http://registry.npm.taobao.org/ws/download/ws-3.3.3.tgz",
              "dependencies": {
                "async-limiter": {
                  "version": "http://registry.npm.taobao.org/async-limiter/download/async-limiter-1.0.0.tgz",
                  "bundled": true
                },
                "safe-buffer": {
                  "version": "http://registry.npm.taobao.org/safe-buffer/download/safe-buffer-5.1.2.tgz",
                  "bundled": true
                },
                "ultron": {
                  "version": "http://registry.npm.taobao.org/ultron/download/ultron-1.1.1.tgz",
                  "bundled": true
                }
              }
            }
          }
        },
        "has-binary2": {
          "version": "http://registry.npm.taobao.org/has-binary2/download/has-binary2-1.0.3.tgz",
          "bundled": true,
          "dependencies": {
            "isarray": {
              "version": "http://registry.npm.taobao.org/isarray/download/isarray-2.0.1.tgz",
              "bundled": true
            }
          }
        },
        "socket.io-adapter": {
          "version": "http://registry.npm.taobao.org/socket.io-adapter/download/socket.io-adapter-1.1.1.tgz",
          "bundled": true
        },
        "socket.io-client": {
          "version": "http://registry.npm.taobao.org/socket.io-client/download/socket.io-client-2.1.1.tgz",
          "bundled": true
        },
        "socket.io-parser": {
          "version": "http://registry.npm.taobao.org/socket.io-parser/download/socket.io-parser-3.2.0.tgz",
          "bundled": true,
          "dependencies": {
            "component-emitter": {
              "version": "http://registry.npm.taobao.org/component-emitter/download/component-emitter-1.2.1.tgz",
              "bundled": true
            },
            "debug": {
              "version": "http://registry.npm.taobao.org/debug/download/debug-3.1.0.tgz",
              "bundled": true,
              "dependencies": {
                "ms": {
                  "version": "http://registry.npm.taobao.org/ms/download/ms-2.0.0.tgz"
                }
              }
            },
            "isarray": {
              "version": "http://registry.npm.taobao.org/isarray/download/isarray-2.0.1.tgz",
              "bundled": true
            }
          }
        }
      }
    }
  }
}
